
Microsoft Visual Studio Solution File, Format Version 12.00
# Visual Studio Version 16
VisualStudioVersion = 16.0.29215.179
MinimumVisualStudioVersion = 10.0.40219.1
Project("{FAE04EC0-301F-11D3-BF4B-00C04F79EFBC}") = "Unigo", "Unigo\Unigo.csproj", "{6FAACB2E-51C8-4AFF-BF2E-C6C8C99C27A4}"
EndProject
Project("{FAE04EC0-301F-11D3-BF4B-00C04F79EFBC}") = "Unigo.Data", "Unigo.Data\Unigo.Data.csproj", "{38D147C5-29C6-4488-94A6-75FDA43A5E57}"
EndProject
Project("{FAE04EC0-301F-11D3-BF4B-00C04F79EFBC}") = "Unigo.Repo", "Unigo.Repo\Unigo.Repo.csproj", "{15BCC942-0933-43A8-B860-C3F8C8770C78}"
EndProject
Global
	GlobalSection(SolutionConfigurationPlatforms) = preSolution
		Debug|Any CPU = Debug|Any CPU
		Release|Any CPU = Release|Any CPU
	EndGlobalSection
	GlobalSection(ProjectConfigurationPlatforms) = postSolution
		{6FAACB2E-51C8-4AFF-BF2E-C6C8C99C27A4}.Debug|Any CPU.ActiveCfg = Debug|Any CPU
		{6FAACB2E-51C8-4AFF-BF2E-C6C8C99C27A4}.Debug|Any CPU.Build.0 = Debug|Any CPU
		{6FAACB2E-51C8-4AFF-BF2E-C6C8C99C27A4}.Release|Any CPU.ActiveCfg = Release|Any CPU
		{6FAACB2E-51C8-4AFF-BF2E-C6C8C99C27A4}.Release|Any CPU.Build.0 = Release|Any CPU
		{38D147C5-29C6-4488-94A6-75FDA43A5E57}.Debug|Any CPU.ActiveCfg = Debug|Any CPU
		{38D147C5-29C6-4488-94A6-75FDA43A5E57}.Debug|Any CPU.Build.0 = Debug|Any CPU
		{38D147C5-29C6-4488-94A6-75FDA43A5E57}.Release|Any CPU.ActiveCfg = Release|Any CPU
		{38D147C5-29C6-4488-94A6-75FDA43A5E57}.Release|Any CPU.Build.0 = Release|Any CPU
		{15BCC942-0933-43A8-B860-C3F8C8770C78}.Debug|Any CPU.ActiveCfg = Debug|Any CPU
		{15BCC942-0933-43A8-B860-C3F8C8770C78}.Debug|Any CPU.Build.0 = Debug|Any CPU
		{15BCC942-0933-43A8-B860-C3F8C8770C78}.Release|Any CPU.ActiveCfg = Release|Any CPU
		{15BCC942-0933-43A8-B860-C3F8C8770C78}.Release|Any CPU.Build.0 = Release|Any CPU
	EndGlobalSection
	GlobalSection(SolutionProperties) = preSolution
		HideSolutionNode = FALSE
	EndGlobalSection
	GlobalSection(ExtensibilityGlobals) = postSolution
		SolutionGuid = {100C3462-4A86-47A1-B786-72B7DF01326C}
	EndGlobalSection
EndGlobal
